
Microsoft Visual Studio Solution File, Format Version 12.00
# Visual Studio Version 17
VisualStudioVersion = 17.7.34031.279
MinimumVisualStudioVersion = 10.0.40219.1
Project("{FAE04EC0-301F-11D3-BF4B-00C04F79EFBC}") = "RegistroDeContatos", "RegistroDeContatos\RegistroDeContatos.csproj", "{6619DD21-0655-4F6E-991C-29AB4D0587AD}"
EndProject
Global
	GlobalSection(SolutionConfigurationPlatforms) = preSolution
		Debug|Any CPU = Debug|Any CPU
		Release|Any CPU = Release|Any CPU
	EndGlobalSection
	GlobalSection(ProjectConfigurationPlatforms) = postSolution
		{6619DD21-0655-4F6E-991C-29AB4D0587AD}.Debug|Any CPU.ActiveCfg = Debug|Any CPU
		{6619DD21-0655-4F6E-991C-29AB4D0587AD}.Debug|Any CPU.Build.0 = Debug|Any CPU
		{6619DD21-0655-4F6E-991C-29AB4D0587AD}.Release|Any CPU.ActiveCfg = Release|Any CPU
		{6619DD21-0655-4F6E-991C-29AB4D0587AD}.Release|Any CPU.Build.0 = Release|Any CPU
	EndGlobalSection
	GlobalSection(SolutionProperties) = preSolution
		HideSolutionNode = FALSE
	EndGlobalSection
	GlobalSection(ExtensibilityGlobals) = postSolution
		SolutionGuid = {B42CC17E-5E80-4288-BDA9-2A335C4B4FCC}
	EndGlobalSection
EndGlobal
